<?xml version="1.0" encoding="UTF-8" standalone="yes" ?>
<CodeBlocks_project_file>
	<FileVersion major="1" minor="6" />
	<Project>
		<Option title="liquidTests" />
		<Option pch_mode="2" />
		<Option compiler="gcc" />
		<Build>
			<Target title="Debug">
				<Option output="bin/Debug/liquidTests" prefix_auto="1" extension_auto="1" />
				<Option object_output="obj/Debug/" />
				<Option type="1" />
				<Option compiler="gcc" />
				<Compiler>
					<Add option="-g" />
					<Add option="-DDEBUG" />
					<Add directory="include" />
				</Compiler>
				<Linker>
					<Add library="extlibs/libs/Box2D/Debug/libliquidfun.a" />
				</Linker>
			</Target>
			<Target title="Release">
				<Option output="bin/Release/liquidTests" prefix_auto="1" extension_auto="1" />
				<Option object_output="obj/Release/" />
				<Option type="0" />
				<Option compiler="gcc" />
				<Compiler>
					<Add option="-O2" />
					<Add directory="include" />
				</Compiler>
				<Linker>
					<Add option="-s" />
				</Linker>
			</Target>
		</Build>
		<Compiler>
			<Add option="-Wall" />
			<Add directory="extlibs/includes" />
		</Compiler>
		<Linker>
			<Add option="-lsfml-graphics" />
			<Add option="-lsfml-window" />
			<Add option="-lsfml-system" />
		</Linker>
		<Unit filename="include/FlowInto.hpp" />
		<Unit filename="include/HelloWorld.hpp" />
		<Unit filename="include/ParticleShape.hpp" />
		<Unit filename="include/Physics.hpp" />
		<Unit filename="include/Shape.hpp" />
		<Unit filename="include/ViewSFML.hpp" />
		<Unit filename="main.cpp" />
		<Unit filename="src/FlowInto.cpp" />
		<Unit filename="src/HelloWorld.cpp" />
		<Unit filename="src/ParticleShape.cpp" />
		<Unit filename="src/Physics.cpp" />
		<Unit filename="src/Shape.cpp" />
		<Unit filename="src/ViewSFML.cpp" />
		<Unit filename="tests.hpp" />
		<Extensions>
			<code_completion />
			<envvars />
			<lib_finder disable_auto="1" />
			<debugger />
		</Extensions>
	</Project>
</CodeBlocks_project_file>
